
Microsoft Visual Studio Solution File, Format Version 12.00
# Visual Studio Version 17
VisualStudioVersion = 17.7.34024.191
MinimumVisualStudioVersion = 10.0.40219.1
Project("{9A19103F-16F7-4668-BE54-9A1E7A4F7556}") = "PokemonAPI", "PokemonAPI\PokemonAPI.csproj", "{23C26A48-C136-44A9-8059-4C49EDEE881F}"
	ProjectSection(ProjectDependencies) = postProject
		{2BE5DC54-C6B2-43E1-A5B4-16C19FF00ECB} = {2BE5DC54-C6B2-43E1-A5B4-16C19FF00ECB}
		{D5127A4C-D70D-4CD4-91ED-FBFCAB4A5D0B} = {D5127A4C-D70D-4CD4-91ED-FBFCAB4A5D0B}
	EndProjectSection
EndProject
Project("{FAE04EC0-301F-11D3-BF4B-00C04F79EFBC}") = "MVC.Services", "MVC.Services\MVC.Services.csproj", "{2BE5DC54-C6B2-43E1-A5B4-16C19FF00ECB}"
EndProject
Project("{FAE04EC0-301F-11D3-BF4B-00C04F79EFBC}") = "MVC.Models", "MVC.Models\MVC.Models.csproj", "{D5127A4C-D70D-4CD4-91ED-FBFCAB4A5D0B}"
EndProject
Global
	GlobalSection(SolutionConfigurationPlatforms) = preSolution
		Debug|Any CPU = Debug|Any CPU
		Release|Any CPU = Release|Any CPU
	EndGlobalSection
	GlobalSection(ProjectConfigurationPlatforms) = postSolution
		{23C26A48-C136-44A9-8059-4C49EDEE881F}.Debug|Any CPU.ActiveCfg = Debug|Any CPU
		{23C26A48-C136-44A9-8059-4C49EDEE881F}.Debug|Any CPU.Build.0 = Debug|Any CPU
		{23C26A48-C136-44A9-8059-4C49EDEE881F}.Release|Any CPU.ActiveCfg = Release|Any CPU
		{23C26A48-C136-44A9-8059-4C49EDEE881F}.Release|Any CPU.Build.0 = Release|Any CPU
		{2BE5DC54-C6B2-43E1-A5B4-16C19FF00ECB}.Debug|Any CPU.ActiveCfg = Debug|Any CPU
		{2BE5DC54-C6B2-43E1-A5B4-16C19FF00ECB}.Debug|Any CPU.Build.0 = Debug|Any CPU
		{2BE5DC54-C6B2-43E1-A5B4-16C19FF00ECB}.Release|Any CPU.ActiveCfg = Release|Any CPU
		{2BE5DC54-C6B2-43E1-A5B4-16C19FF00ECB}.Release|Any CPU.Build.0 = Release|Any CPU
		{D5127A4C-D70D-4CD4-91ED-FBFCAB4A5D0B}.Debug|Any CPU.ActiveCfg = Debug|Any CPU
		{D5127A4C-D70D-4CD4-91ED-FBFCAB4A5D0B}.Debug|Any CPU.Build.0 = Debug|Any CPU
		{D5127A4C-D70D-4CD4-91ED-FBFCAB4A5D0B}.Release|Any CPU.ActiveCfg = Release|Any CPU
		{D5127A4C-D70D-4CD4-91ED-FBFCAB4A5D0B}.Release|Any CPU.Build.0 = Release|Any CPU
	EndGlobalSection
	GlobalSection(SolutionProperties) = preSolution
		HideSolutionNode = FALSE
	EndGlobalSection
	GlobalSection(ExtensibilityGlobals) = postSolution
		SolutionGuid = {9E645A44-6855-4076-BD92-7AA0C8C4796C}
	EndGlobalSection
EndGlobal
